{
  "name": "telegram-storage",
  "lockfileVersion": 3,
  "requires": true,
  "packages": {
    "": {
      "dependencies": {
        "js-file-download": "^0.4.12"
      }
    },
    "node_modules/js-file-download": {
      "version": "0.4.12",
      "resolved": "https://registry.npmjs.org/js-file-download/-/js-file-download-0.4.12.tgz",
      "integrity": "sha512-rML+NkoD08p5Dllpjo0ffy4jRHeY6Zsapvr/W86N7E0yuzAO6qa5X9+xog6zQNlH102J7IXljNY2FtS6Lj3ucg=="
    }
  }
}
